
Microsoft Visual Studio Solution File, Format Version 12.00
Project("{FAE04EC0-301F-11D3-BF4B-00C04F79EFBC}") = "FamilyBudgetMVP", "FamilyBudgetMVP\FamilyBudgetMVP.csproj", "{62FF0C2A-4C92-4A09-8233-23D0EAA1444A}"
EndProject
Global
	GlobalSection(SolutionConfigurationPlatforms) = preSolution
		Debug|Any CPU = Debug|Any CPU
		Release|Any CPU = Release|Any CPU
	EndGlobalSection
	GlobalSection(ProjectConfigurationPlatforms) = postSolution
		{62FF0C2A-4C92-4A09-8233-23D0EAA1444A}.Debug|Any CPU.ActiveCfg = Debug|Any CPU
		{62FF0C2A-4C92-4A09-8233-23D0EAA1444A}.Debug|Any CPU.Build.0 = Debug|Any CPU
		{62FF0C2A-4C92-4A09-8233-23D0EAA1444A}.Release|Any CPU.ActiveCfg = Release|Any CPU
		{62FF0C2A-4C92-4A09-8233-23D0EAA1444A}.Release|Any CPU.Build.0 = Release|Any CPU
	EndGlobalSection
EndGlobal
